
Microsoft Visual Studio Solution File, Format Version 12.00
# Visual Studio Version 17
VisualStudioVersion = 17.2.32519.379
MinimumVisualStudioVersion = 10.0.40219.1
Project("{9A19103F-16F7-4668-BE54-9A1E7A4F7556}") = "ChatMessageService.Server", "Server\ChatMessageService.Server.csproj", "{D0B1BA09-E8B4-4F5B-AEB9-F3C86E7E3094}"
EndProject
Project("{9A19103F-16F7-4668-BE54-9A1E7A4F7556}") = "ChatMessageService.Client", "Client\ChatMessageService.Client.csproj", "{7DC8E830-FF7D-4994-AC77-092E2B27DF7A}"
EndProject
Project("{9A19103F-16F7-4668-BE54-9A1E7A4F7556}") = "ChatMessageService.Shared", "Shared\ChatMessageService.Shared.csproj", "{4074155D-B760-44F8-9285-E72909EB130E}"
EndProject
Global
	GlobalSection(SolutionConfigurationPlatforms) = preSolution
		Debug|Any CPU = Debug|Any CPU
		Release|Any CPU = Release|Any CPU
	EndGlobalSection
	GlobalSection(ProjectConfigurationPlatforms) = postSolution
		{D0B1BA09-E8B4-4F5B-AEB9-F3C86E7E3094}.Debug|Any CPU.ActiveCfg = Debug|Any CPU
		{D0B1BA09-E8B4-4F5B-AEB9-F3C86E7E3094}.Debug|Any CPU.Build.0 = Debug|Any CPU
		{D0B1BA09-E8B4-4F5B-AEB9-F3C86E7E3094}.Release|Any CPU.ActiveCfg = Release|Any CPU
		{D0B1BA09-E8B4-4F5B-AEB9-F3C86E7E3094}.Release|Any CPU.Build.0 = Release|Any CPU
		{7DC8E830-FF7D-4994-AC77-092E2B27DF7A}.Debug|Any CPU.ActiveCfg = Debug|Any CPU
		{7DC8E830-FF7D-4994-AC77-092E2B27DF7A}.Debug|Any CPU.Build.0 = Debug|Any CPU
		{7DC8E830-FF7D-4994-AC77-092E2B27DF7A}.Release|Any CPU.ActiveCfg = Release|Any CPU
		{7DC8E830-FF7D-4994-AC77-092E2B27DF7A}.Release|Any CPU.Build.0 = Release|Any CPU
		{4074155D-B760-44F8-9285-E72909EB130E}.Debug|Any CPU.ActiveCfg = Debug|Any CPU
		{4074155D-B760-44F8-9285-E72909EB130E}.Debug|Any CPU.Build.0 = Debug|Any CPU
		{4074155D-B760-44F8-9285-E72909EB130E}.Release|Any CPU.ActiveCfg = Release|Any CPU
		{4074155D-B760-44F8-9285-E72909EB130E}.Release|Any CPU.Build.0 = Release|Any CPU
	EndGlobalSection
	GlobalSection(SolutionProperties) = preSolution
		HideSolutionNode = FALSE
	EndGlobalSection
	GlobalSection(ExtensibilityGlobals) = postSolution
		SolutionGuid = {393D4FB0-F3B4-4F87-8B10-C0CBC255599E}
	EndGlobalSection
EndGlobal
